
Microsoft Visual Studio Solution File, Format Version 12.00
# Visual Studio Version 17
VisualStudioVersion = 17.4.33213.308
MinimumVisualStudioVersion = 10.0.40219.1
Project("{9A19103F-16F7-4668-BE54-9A1E7A4F7556}") = "RPSLS-Server", "RPSLS-Server\RPSLS-Server.csproj", "{808E999B-10F1-4FDA-8EB2-BD9692CBEDB2}"
EndProject
Project("{54A90642-561A-4BB1-A94E-469ADEE60C69}") = "RPSLS-UI", "RPSLS-UI\RPSLS-UI.esproj", "{802B6486-79B5-42AB-9A92-98CE9B2479E5}"
EndProject
Global
	GlobalSection(SolutionConfigurationPlatforms) = preSolution
		Debug|Any CPU = Debug|Any CPU
		Release|Any CPU = Release|Any CPU
	EndGlobalSection
	GlobalSection(ProjectConfigurationPlatforms) = postSolution
		{808E999B-10F1-4FDA-8EB2-BD9692CBEDB2}.Debug|Any CPU.ActiveCfg = Debug|Any CPU
		{808E999B-10F1-4FDA-8EB2-BD9692CBEDB2}.Debug|Any CPU.Build.0 = Debug|Any CPU
		{808E999B-10F1-4FDA-8EB2-BD9692CBEDB2}.Release|Any CPU.ActiveCfg = Release|Any CPU
		{808E999B-10F1-4FDA-8EB2-BD9692CBEDB2}.Release|Any CPU.Build.0 = Release|Any CPU
		{802B6486-79B5-42AB-9A92-98CE9B2479E5}.Debug|Any CPU.ActiveCfg = Debug|Any CPU
		{802B6486-79B5-42AB-9A92-98CE9B2479E5}.Debug|Any CPU.Build.0 = Debug|Any CPU
		{802B6486-79B5-42AB-9A92-98CE9B2479E5}.Debug|Any CPU.Deploy.0 = Debug|Any CPU
		{802B6486-79B5-42AB-9A92-98CE9B2479E5}.Release|Any CPU.ActiveCfg = Release|Any CPU
		{802B6486-79B5-42AB-9A92-98CE9B2479E5}.Release|Any CPU.Build.0 = Release|Any CPU
		{802B6486-79B5-42AB-9A92-98CE9B2479E5}.Release|Any CPU.Deploy.0 = Release|Any CPU
	EndGlobalSection
	GlobalSection(SolutionProperties) = preSolution
		HideSolutionNode = FALSE
	EndGlobalSection
	GlobalSection(ExtensibilityGlobals) = postSolution
		SolutionGuid = {F2727919-721C-47A3-B222-04774B289D7F}
	EndGlobalSection
EndGlobal
